// !$*UTF8*$!
{
	archiveVersion = 1;
	classes = {
	};
	objectVersion = 50;
	objects = {

/* Begin PBXBuildFile section */
		1EE3C1FC26CB8C600081BF49 /* AppDelegate.swift in Sources */ = {isa = PBXBuildFile; fileRef = 1EE3C1FB26CB8C600081BF49 /* AppDelegate.swift */; };
		1EE3C1FE26CB8C600081BF49 /* SceneDelegate.swift in Sources */ = {isa = PBXBuildFile; fileRef = 1EE3C1FD26CB8C600081BF49 /* SceneDelegate.swift */; };
		1EE3C20026CB8C600081BF49 /* ViewController.swift in Sources */ = {isa = PBXBuildFile; fileRef = 1EE3C1FF26CB8C600081BF49 /* ViewController.swift */; };
		1EE3C20326CB8C600081BF49 /* Main.storyboard in Resources */ = {isa = PBXBuildFile; fileRef = 1EE3C20126CB8C600081BF49 /* Main.storyboard */; };
		1EE3C20526CB8C610081BF49 /* Assets.xcassets in Resources */ = {isa = PBXBuildFile; fileRef = 1EE3C20426CB8C610081BF49 /* Assets.xcassets */; };
		1EE3C20826CB8C610081BF49 /* LaunchScreen.storyboard in Resources */ = {isa = PBXBuildFile; fileRef = 1EE3C20626CB8C610081BF49 /* LaunchScreen.storyboard */; };
		1EE3C21326CB8C620081BF49 /* EventsAppTests.swift in Sources */ = {isa = PBXBuildFile; fileRef = 1EE3C21226CB8C620081BF49 /* EventsAppTests.swift */; };
		1EE3C21E26CB8C620081BF49 /* EventsAppUITests.swift in Sources */ = {isa = PBXBuildFile; fileRef = 1EE3C21D26CB8C620081BF49 /* EventsAppUITests.swift */; };
		1EE3C22D26CB8DB80081BF49 /* ServerManager.swift in Sources */ = {isa = PBXBuildFile; fileRef = 1EE3C22C26CB8DB80081BF49 /* ServerManager.swift */; };
		1EE3C22F26CB8DF50081BF49 /* NetworkError.swift in Sources */ = {isa = PBXBuildFile; fileRef = 1EE3C22E26CB8DF50081BF49 /* NetworkError.swift */; };
		1EE3C23226CB8E3C0081BF49 /* ResourceManager.swift in Sources */ = {isa = PBXBuildFile; fileRef = 1EE3C23126CB8E3C0081BF49 /* ResourceManager.swift */; };
		1EE3C23426CB8FB70081BF49 /* NetworkConstants.swift in Sources */ = {isa = PBXBuildFile; fileRef = 1EE3C23326CB8FB70081BF49 /* NetworkConstants.swift */; };
/* End PBXBuildFile section */

/* Begin PBXContainerItemProxy section */
		1EE3C20F26CB8C620081BF49 /* PBXContainerItemProxy */ = {
			isa = PBXContainerItemProxy;
			containerPortal = 1EE3C1F026CB8C600081BF49 /* Project object */;
			proxyType = 1;
			remoteGlobalIDString = 1EE3C1F726CB8C600081BF49;
			remoteInfo = EventsApp;
		};
		1EE3C21A26CB8C620081BF49 /* PBXContainerItemProxy */ = {
			isa = PBXContainerItemProxy;
			containerPortal = 1EE3C1F026CB8C600081BF49 /* Project object */;
			proxyType = 1;
			remoteGlobalIDString = 1EE3C1F726CB8C600081BF49;
			remoteInfo = EventsApp;
		};
/* End PBXContainerItemProxy section */

/* Begin PBXFileReference section */
		1EE3C1F826CB8C600081BF49 /* EventsApp.app */ = {isa = PBXFileReference; explicitFileType = wrapper.application; includeInIndex = 0; path = EventsApp.app; sourceTree = BUILT_PRODUCTS_DIR; };
		1EE3C1FB26CB8C600081BF49 /* AppDelegate.swift */ = {isa = PBXFileReference; lastKnownFileType = sourcecode.swift; path = AppDelegate.swift; sourceTree = "<group>"; };
		1EE3C1FD26CB8C600081BF49 /* SceneDelegate.swift */ = {isa = PBXFileReference; lastKnownFileType = sourcecode.swift; path = SceneDelegate.swift; sourceTree = "<group>"; };
		1EE3C1FF26CB8C600081BF49 /* ViewController.swift */ = {isa = PBXFileReference; lastKnownFileType = sourcecode.swift; path = ViewController.swift; sourceTree = "<group>"; };
		1EE3C20226CB8C600081BF49 /* Base */ = {isa = PBXFileReference; lastKnownFileType = file.storyboard; name = Base; path = Base.lproj/Main.storyboard; sourceTree = "<group>"; };
		1EE3C20426CB8C610081BF49 /* Assets.xcassets */ = {isa = PBXFileReference; lastKnownFileType = folder.assetcatalog; path = Assets.xcassets; sourceTree = "<group>"; };
		1EE3C20726CB8C610081BF49 /* Base */ = {isa = PBXFileReference; lastKnownFileType = file.storyboard; name = Base; path = Base.lproj/LaunchScreen.storyboard; sourceTree = "<group>"; };
		1EE3C20926CB8C610081BF49 /* Info.plist */ = {isa = PBXFileReference; lastKnownFileType = text.plist.xml; path = Info.plist; sourceTree = "<group>"; };
		1EE3C20E26CB8C620081BF49 /* EventsAppTests.xctest */ = {isa = PBXFileReference; explicitFileType = wrapper.cfbundle; includeInIndex = 0; path = EventsAppTests.xctest; sourceTree = BUILT_PRODUCTS_DIR; };
		1EE3C21226CB8C620081BF49 /* EventsAppTests.swift */ = {isa = PBXFileReference; lastKnownFileType = sourcecode.swift; path = EventsAppTests.swift; sourceTree = "<group>"; };
		1EE3C21426CB8C620081BF49 /* Info.plist */ = {isa = PBXFileReference; lastKnownFileType = text.plist.xml; path = Info.plist; sourceTree = "<group>"; };
		1EE3C21926CB8C620081BF49 /* EventsAppUITests.xctest */ = {isa = PBXFileReference; explicitFileType = wrapper.cfbundle; includeInIndex = 0; path = EventsAppUITests.xctest; sourceTree = BUILT_PRODUCTS_DIR; };
		1EE3C21D26CB8C620081BF49 /* EventsAppUITests.swift */ = {isa = PBXFileReference; lastKnownFileType = sourcecode.swift; path = EventsAppUITests.swift; sourceTree = "<group>"; };
		1EE3C21F26CB8C620081BF49 /* Info.plist */ = {isa = PBXFileReference; lastKnownFileType = text.plist.xml; path = Info.plist; sourceTree = "<group>"; };
		1EE3C22C26CB8DB80081BF49 /* ServerManager.swift */ = {isa = PBXFileReference; lastKnownFileType = sourcecode.swift; path = ServerManager.swift; sourceTree = "<group>"; };
		1EE3C22E26CB8DF50081BF49 /* NetworkError.swift */ = {isa = PBXFileReference; lastKnownFileType = sourcecode.swift; path = NetworkError.swift; sourceTree = "<group>"; };
		1EE3C23126CB8E3C0081BF49 /* ResourceManager.swift */ = {isa = PBXFileReference; lastKnownFileType = sourcecode.swift; path = ResourceManager.swift; sourceTree = "<group>"; };
		1EE3C23326CB8FB70081BF49 /* NetworkConstants.swift */ = {isa = PBXFileReference; lastKnownFileType = sourcecode.swift; path = NetworkConstants.swift; sourceTree = "<group>"; };
/* End PBXFileReference section */

/* Begin PBXFrameworksBuildPhase section */
		1EE3C1F526CB8C600081BF49 /* Frameworks */ = {
			isa = PBXFrameworksBuildPhase;
			buildActionMask = 2147483647;
			files = (
			);
			runOnlyForDeploymentPostprocessing = 0;
		};
		1EE3C20B26CB8C620081BF49 /* Frameworks */ = {
			isa = PBXFrameworksBuildPhase;
			buildActionMask = 2147483647;
			files = (
			);
			runOnlyForDeploymentPostprocessing = 0;
		};
		1EE3C21626CB8C620081BF49 /* Frameworks */ = {
			isa = PBXFrameworksBuildPhase;
			buildActionMask = 2147483647;
			files = (
			);
			runOnlyForDeploymentPostprocessing = 0;
		};
/* End PBXFrameworksBuildPhase section */

/* Begin PBXGroup section */
		1EE3C1EF26CB8C600081BF49 = {
			isa = PBXGroup;
			children = (
				1EE3C1FA26CB8C600081BF49 /* EventsApp */,
				1EE3C21126CB8C620081BF49 /* EventsAppTests */,
				1EE3C21C26CB8C620081BF49 /* EventsAppUITests */,
				1EE3C1F926CB8C600081BF49 /* Products */,
			);
			sourceTree = "<group>";
		};
		1EE3C1F926CB8C600081BF49 /* Products */ = {
			isa = PBXGroup;
			children = (
				1EE3C1F826CB8C600081BF49 /* EventsApp.app */,
				1EE3C20E26CB8C620081BF49 /* EventsAppTests.xctest */,
				1EE3C21926CB8C620081BF49 /* EventsAppUITests.xctest */,
			);
			name = Products;
			sourceTree = "<group>";
		};
		1EE3C1FA26CB8C600081BF49 /* EventsApp */ = {
			isa = PBXGroup;
			children = (
				1EE3C22B26CB8D870081BF49 /* Network */,
				1EE3C1FB26CB8C600081BF49 /* AppDelegate.swift */,
				1EE3C1FD26CB8C600081BF49 /* SceneDelegate.swift */,
				1EE3C1FF26CB8C600081BF49 /* ViewController.swift */,
				1EE3C20126CB8C600081BF49 /* Main.storyboard */,
				1EE3C20426CB8C610081BF49 /* Assets.xcassets */,
				1EE3C20626CB8C610081BF49 /* LaunchScreen.storyboard */,
				1EE3C20926CB8C610081BF49 /* Info.plist */,
			);
			path = EventsApp;
			sourceTree = "<group>";
		};
		1EE3C21126CB8C620081BF49 /* EventsAppTests */ = {
			isa = PBXGroup;
			children = (
				1EE3C21226CB8C620081BF49 /* EventsAppTests.swift */,
				1EE3C21426CB8C620081BF49 /* Info.plist */,
			);
			path = EventsAppTests;
			sourceTree = "<group>";
		};
		1EE3C21C26CB8C620081BF49 /* EventsAppUITests */ = {
			isa = PBXGroup;
			children = (
				1EE3C21D26CB8C620081BF49 /* EventsAppUITests.swift */,
				1EE3C21F26CB8C620081BF49 /* Info.plist */,
			);
			path = EventsAppUITests;
			sourceTree = "<group>";
		};
		1EE3C22B26CB8D870081BF49 /* Network */ = {
			isa = PBXGroup;
			children = (
				1EE3C23026CB8E240081BF49 /* Resources */,
				1EE3C22C26CB8DB80081BF49 /* ServerManager.swift */,
				1EE3C22E26CB8DF50081BF49 /* NetworkError.swift */,
				1EE3C23326CB8FB70081BF49 /* NetworkConstants.swift */,
			);
			path = Network;
			sourceTree = "<group>";
		};
		1EE3C23026CB8E240081BF49 /* Resources */ = {
			isa = PBXGroup;
			children = (
				1EE3C23126CB8E3C0081BF49 /* ResourceManager.swift */,
			);
			path = Resources;
			sourceTree = "<group>";
		};
/* End PBXGroup section */

/* Begin PBXNativeTarget section */
		1EE3C1F726CB8C600081BF49 /* EventsApp */ = {
			isa = PBXNativeTarget;
			buildConfigurationList = 1EE3C22226CB8C620081BF49 /* Build configuration list for PBXNativeTarget "EventsApp" */;
			buildPhases = (
				1EE3C1F426CB8C600081BF49 /* Sources */,
				1EE3C1F526CB8C600081BF49 /* Frameworks */,
				1EE3C1F626CB8C600081BF49 /* Resources */,
			);
			buildRules = (
			);
			dependencies = (
			);
			name = EventsApp;
			productName = EventsApp;
			productReference = 1EE3C1F826CB8C600081BF49 /* EventsApp.app */;
			productType = "com.apple.product-type.application";
		};
		1EE3C20D26CB8C620081BF49 /* EventsAppTests */ = {
			isa = PBXNativeTarget;
			buildConfigurationList = 1EE3C22526CB8C620081BF49 /* Build configuration list for PBXNativeTarget "EventsAppTests" */;
			buildPhases = (
				1EE3C20A26CB8C620081BF49 /* Sources */,
				1EE3C20B26CB8C620081BF49 /* Frameworks */,
				1EE3C20C26CB8C620081BF49 /* Resources */,
			);
			buildRules = (
			);
			dependencies = (
				1EE3C21026CB8C620081BF49 /* PBXTargetDependency */,
			);
			name = EventsAppTests;
			productName = EventsAppTests;
			productReference = 1EE3C20E26CB8C620081BF49 /* EventsAppTests.xctest */;
			productType = "com.apple.product-type.bundle.unit-test";
		};
		1EE3C21826CB8C620081BF49 /* EventsAppUITests */ = {
			isa = PBXNativeTarget;
			buildConfigurationList = 1EE3C22826CB8C620081BF49 /* Build configuration list for PBXNativeTarget "EventsAppUITests" */;
			buildPhases = (
				1EE3C21526CB8C620081BF49 /* Sources */,
				1EE3C21626CB8C620081BF49 /* Frameworks */,
				1EE3C21726CB8C620081BF49 /* Resources */,
			);
			buildRules = (
			);
			dependencies = (
				1EE3C21B26CB8C620081BF49 /* PBXTargetDependency */,
			);
			name = EventsAppUITests;
			productName = EventsAppUITests;
			productReference = 1EE3C21926CB8C620081BF49 /* EventsAppUITests.xctest */;
			productType = "com.apple.product-type.bundle.ui-testing";
		};
/* End PBXNativeTarget section */

/* Begin PBXProject section */
		1EE3C1F026CB8C600081BF49 /* Project object */ = {
			isa = PBXProject;
			attributes = {
				LastSwiftUpdateCheck = 1250;
				LastUpgradeCheck = 1250;
				TargetAttributes = {
					1EE3C1F726CB8C600081BF49 = {
						CreatedOnToolsVersion = 12.5;
					};
					1EE3C20D26CB8C620081BF49 = {
						CreatedOnToolsVersion = 12.5;
						TestTargetID = 1EE3C1F726CB8C600081BF49;
					};
					1EE3C21826CB8C620081BF49 = {
						CreatedOnToolsVersion = 12.5;
						TestTargetID = 1EE3C1F726CB8C600081BF49;
					};
				};
			};
			buildConfigurationList = 1EE3C1F326CB8C600081BF49 /* Build configuration list for PBXProject "EventsApp" */;
			compatibilityVersion = "Xcode 9.3";
			developmentRegion = en;
			hasScannedForEncodings = 0;
			knownRegions = (
				en,
				Base,
			);
			mainGroup = 1EE3C1EF26CB8C600081BF49;
			productRefGroup = 1EE3C1F926CB8C600081BF49 /* Products */;
			projectDirPath = "";
			projectRoot = "";
			targets = (
				1EE3C1F726CB8C600081BF49 /* EventsApp */,
				1EE3C20D26CB8C620081BF49 /* EventsAppTests */,
				1EE3C21826CB8C620081BF49 /* EventsAppUITests */,
			);
		};
/* End PBXProject section */

/* Begin PBXResourcesBuildPhase section */
		1EE3C1F626CB8C600081BF49 /* Resources */ = {
			isa = PBXResourcesBuildPhase;
			buildActionMask = 2147483647;
			files = (
				1EE3C20826CB8C610081BF49 /* LaunchScreen.storyboard in Resources */,
				1EE3C20526CB8C610081BF49 /* Assets.xcassets in Resources */,
				1EE3C20326CB8C600081BF49 /* Main.storyboard in Resources */,
			);
			runOnlyForDeploymentPostprocessing = 0;
		};
		1EE3C20C26CB8C620081BF49 /* Resources */ = {
			isa = PBXResourcesBuildPhase;
			buildActionMask = 2147483647;
			files = (
			);
			runOnlyForDeploymentPostprocessing = 0;
		};
		1EE3C21726CB8C620081BF49 /* Resources */ = {
			isa = PBXResourcesBuildPhase;
			buildActionMask = 2147483647;
			files = (
			);
			runOnlyForDeploymentPostprocessing = 0;
		};
/* End PBXResourcesBuildPhase section */

/* Begin PBXSourcesBuildPhase section */
		1EE3C1F426CB8C600081BF49 /* Sources */ = {
			isa = PBXSourcesBuildPhase;
			buildActionMask = 2147483647;
			files = (
				1EE3C23426CB8FB70081BF49 /* NetworkConstants.swift in Sources */,
				1EE3C22D26CB8DB80081BF49 /* ServerManager.swift in Sources */,
				1EE3C23226CB8E3C0081BF49 /* ResourceManager.swift in Sources */,
				1EE3C20026CB8C600081BF49 /* ViewController.swift in Sources */,
				1EE3C1FC26CB8C600081BF49 /* AppDelegate.swift in Sources */,
				1EE3C1FE26CB8C600081BF49 /* SceneDelegate.swift in Sources */,
				1EE3C22F26CB8DF50081BF49 /* NetworkError.swift in Sources */,
			);
			runOnlyForDeploymentPostprocessing = 0;
		};
		1EE3C20A26CB8C620081BF49 /* Sources */ = {
			isa = PBXSourcesBuildPhase;
			buildActionMask = 2147483647;
			files = (
				1EE3C21326CB8C620081BF49 /* EventsAppTests.swift in Sources */,
			);
			runOnlyForDeploymentPostprocessing = 0;
		};
		1EE3C21526CB8C620081BF49 /* Sources */ = {
			isa = PBXSourcesBuildPhase;
			buildActionMask = 2147483647;
			files = (
				1EE3C21E26CB8C620081BF49 /* EventsAppUITests.swift in Sources */,
			);
			runOnlyForDeploymentPostprocessing = 0;
		};
/* End PBXSourcesBuildPhase section */

/* Begin PBXTargetDependency section */
		1EE3C21026CB8C620081BF49 /* PBXTargetDependency */ = {
			isa = PBXTargetDependency;
			target = 1EE3C1F726CB8C600081BF49 /* EventsApp */;
			targetProxy = 1EE3C20F26CB8C620081BF49 /* PBXContainerItemProxy */;
		};
		1EE3C21B26CB8C620081BF49 /* PBXTargetDependency */ = {
			isa = PBXTargetDependency;
			target = 1EE3C1F726CB8C600081BF49 /* EventsApp */;
			targetProxy = 1EE3C21A26CB8C620081BF49 /* PBXContainerItemProxy */;
		};
/* End PBXTargetDependency section */

/* Begin PBXVariantGroup section */
		1EE3C20126CB8C600081BF49 /* Main.storyboard */ = {
			isa = PBXVariantGroup;
			children = (
				1EE3C20226CB8C600081BF49 /* Base */,
			);
			name = Main.storyboard;
			sourceTree = "<group>";
		};
		1EE3C20626CB8C610081BF49 /* LaunchScreen.storyboard */ = {
			isa = PBXVariantGroup;
			children = (
				1EE3C20726CB8C610081BF49 /* Base */,
			);
			name = LaunchScreen.storyboard;
			sourceTree = "<group>";
		};
/* End PBXVariantGroup section */

/* Begin XCBuildConfiguration section */
		1EE3C22026CB8C620081BF49 /* Debug */ = {
			isa = XCBuildConfiguration;
			buildSettings = {
				ALWAYS_SEARCH_USER_PATHS = NO;
				CLANG_ANALYZER_NONNULL = YES;
				CLANG_ANALYZER_NUMBER_OBJECT_CONVERSION = YES_AGGRESSIVE;
				CLANG_CXX_LANGUAGE_STANDARD = "gnu++14";
				CLANG_CXX_LIBRARY = "libc++";
				CLANG_ENABLE_MODULES = YES;
				CLANG_ENABLE_OBJC_ARC = YES;
				CLANG_ENABLE_OBJC_WEAK = YES;
				CLANG_WARN_BLOCK_CAPTURE_AUTORELEASING = YES;
				CLANG_WARN_BOOL_CONVERSION = YES;
				CLANG_WARN_COMMA = YES;
				CLANG_WARN_CONSTANT_CONVERSION = YES;
				CLANG_WARN_DEPRECATED_OBJC_IMPLEMENTATIONS = YES;
				CLANG_WARN_DIRECT_OBJC_ISA_USAGE = YES_ERROR;
				CLANG_WARN_DOCUMENTATION_COMMENTS = YES;
				CLANG_WARN_EMPTY_BODY = YES;
				CLANG_WARN_ENUM_CONVERSION = YES;
				CLANG_WARN_INFINITE_RECURSION = YES;
				CLANG_WARN_INT_CONVERSION = YES;
				CLANG_WARN_NON_LITERAL_NULL_CONVERSION = YES;
				CLANG_WARN_OBJC_IMPLICIT_RETAIN_SELF = YES;
				CLANG_WARN_OBJC_LITERAL_CONVERSION = YES;
				CLANG_WARN_OBJC_ROOT_CLASS = YES_ERROR;
				CLANG_WARN_QUOTED_INCLUDE_IN_FRAMEWORK_HEADER = YES;
				CLANG_WARN_RANGE_LOOP_ANALYSIS = YES;
				CLANG_WARN_STRICT_PROTOTYPES = YES;
				CLANG_WARN_SUSPICIOUS_MOVE = YES;
				CLANG_WARN_UNGUARDED_AVAILABILITY = YES_AGGRESSIVE;
				CLANG_WARN_UNREACHABLE_CODE = YES;
				CLANG_WARN__DUPLICATE_METHOD_MATCH = YES;
				COPY_PHASE_STRIP = NO;
				DEBUG_INFORMATION_FORMAT = dwarf;
				ENABLE_STRICT_OBJC_MSGSEND = YES;
				ENABLE_TESTABILITY = YES;
				GCC_C_LANGUAGE_STANDARD = gnu11;
				GCC_DYNAMIC_NO_PIC = NO;
				GCC_NO_COMMON_BLOCKS = YES;
				GCC_OPTIMIZATION_LEVEL = 0;
				GCC_PREPROCESSOR_DEFINITIONS = (
					"DEBUG=1",
					"$(inherited)",
				);
				GCC_WARN_64_TO_32_BIT_CONVERSION = YES;
				GCC_WARN_ABOUT_RETURN_TYPE = YES_ERROR;
				GCC_WARN_UNDECLARED_SELECTOR = YES;
				GCC_WARN_UNINITIALIZED_AUTOS = YES_AGGRESSIVE;
				GCC_WARN_UNUSED_FUNCTION = YES;
				GCC_WARN_UNUSED_VARIABLE = YES;
				IPHONEOS_DEPLOYMENT_TARGET = 14.5;
				MTL_ENABLE_DEBUG_INFO = INCLUDE_SOURCE;
				MTL_FAST_MATH = YES;
				ONLY_ACTIVE_ARCH = YES;
				SDKROOT = iphoneos;
				SWIFT_ACTIVE_COMPILATION_CONDITIONS = DEBUG;
				SWIFT_OPTIMIZATION_LEVEL = "-Onone";
			};
			name = Debug;
		};
		1EE3C22126CB8C620081BF49 /* Release */ = {
			isa = XCBuildConfiguration;
			buildSettings = {
				ALWAYS_SEARCH_USER_PATHS = NO;
				CLANG_ANALYZER_NONNULL = YES;
				CLANG_ANALYZER_NUMBER_OBJECT_CONVERSION = YES_AGGRESSIVE;
				CLANG_CXX_LANGUAGE_STANDARD = "gnu++14";
				CLANG_CXX_LIBRARY = "libc++";
				CLANG_ENABLE_MODULES = YES;
				CLANG_ENABLE_OBJC_ARC = YES;
				CLANG_ENABLE_OBJC_WEAK = YES;
				CLANG_WARN_BLOCK_CAPTURE_AUTORELEASING = YES;
				CLANG_WARN_BOOL_CONVERSION = YES;
				CLANG_WARN_COMMA = YES;
				CLANG_WARN_CONSTANT_CONVERSION = YES;
				CLANG_WARN_DEPRECATED_OBJC_IMPLEMENTATIONS = YES;
				CLANG_WARN_DIRECT_OBJC_ISA_USAGE = YES_ERROR;
				CLANG_WARN_DOCUMENTATION_COMMENTS = YES;
				CLANG_WARN_EMPTY_BODY = YES;
				CLANG_WARN_ENUM_CONVERSION = YES;
				CLANG_WARN_INFINITE_RECURSION = YES;
				CLANG_WARN_INT_CONVERSION = YES;
				CLANG_WARN_NON_LITERAL_NULL_CONVERSION = YES;
				CLANG_WARN_OBJC_IMPLICIT_RETAIN_SELF = YES;
				CLANG_WARN_OBJC_LITERAL_CONVERSION = YES;
				CLANG_WARN_OBJC_ROOT_CLASS = YES_ERROR;
				CLANG_WARN_QUOTED_INCLUDE_IN_FRAMEWORK_HEADER = YES;
				CLANG_WARN_RANGE_LOOP_ANALYSIS = YES;
				CLANG_WARN_STRICT_PROTOTYPES = YES;
				CLANG_WARN_SUSPICIOUS_MOVE = YES;
				CLANG_WARN_UNGUARDED_AVAILABILITY = YES_AGGRESSIVE;
				CLANG_WARN_UNREACHABLE_CODE = YES;
				CLANG_WARN__DUPLICATE_METHOD_MATCH = YES;
				COPY_PHASE_STRIP = NO;
				DEBUG_INFORMATION_FORMAT = "dwarf-with-dsym";
				ENABLE_NS_ASSERTIONS = NO;
				ENABLE_STRICT_OBJC_MSGSEND = YES;
				GCC_C_LANGUAGE_STANDARD = gnu11;
				GCC_NO_COMMON_BLOCKS = YES;
				GCC_WARN_64_TO_32_BIT_CONVERSION = YES;
				GCC_WARN_ABOUT_RETURN_TYPE = YES_ERROR;
				GCC_WARN_UNDECLARED_SELECTOR = YES;
				GCC_WARN_UNINITIALIZED_AUTOS = YES_AGGRESSIVE;
				GCC_WARN_UNUSED_FUNCTION = YES;
				GCC_WARN_UNUSED_VARIABLE = YES;
				IPHONEOS_DEPLOYMENT_TARGET = 14.5;
				MTL_ENABLE_DEBUG_INFO = NO;
				MTL_FAST_MATH = YES;
				SDKROOT = iphoneos;
				SWIFT_COMPILATION_MODE = wholemodule;
				SWIFT_OPTIMIZATION_LEVEL = "-O";
				VALIDATE_PRODUCT = YES;
			};
			name = Release;
		};
		1EE3C22326CB8C620081BF49 /* Debug */ = {
			isa = XCBuildConfiguration;
			buildSettings = {
				ASSETCATALOG_COMPILER_APPICON_NAME = AppIcon;
				ASSETCATALOG_COMPILER_GLOBAL_ACCENT_COLOR_NAME = AccentColor;
				CODE_SIGN_STYLE = Automatic;
				DEVELOPMENT_TEAM = B9MRWB6593;
				INFOPLIST_FILE = EventsApp/Info.plist;
				IPHONEOS_DEPLOYMENT_TARGET = 13.0;
				LD_RUNPATH_SEARCH_PATHS = (
					"$(inherited)",
					"@executable_path/Frameworks",
				);
				PRODUCT_BUNDLE_IDENTIFIER = com.hudaelhady.EventsApp;
				PRODUCT_NAME = "$(TARGET_NAME)";
				SWIFT_VERSION = 5.0;
				TARGETED_DEVICE_FAMILY = 1;
			};
			name = Debug;
		};
		1EE3C22426CB8C620081BF49 /* Release */ = {
			isa = XCBuildConfiguration;
			buildSettings = {
				ASSETCATALOG_COMPILER_APPICON_NAME = AppIcon;
				ASSETCATALOG_COMPILER_GLOBAL_ACCENT_COLOR_NAME = AccentColor;
				CODE_SIGN_STYLE = Automatic;
				DEVELOPMENT_TEAM = B9MRWB6593;
				INFOPLIST_FILE = EventsApp/Info.plist;
				IPHONEOS_DEPLOYMENT_TARGET = 13.0;
				LD_RUNPATH_SEARCH_PATHS = (
					"$(inherited)",
					"@executable_path/Frameworks",
				);
				PRODUCT_BUNDLE_IDENTIFIER = com.hudaelhady.EventsApp;
				PRODUCT_NAME = "$(TARGET_NAME)";
				SWIFT_VERSION = 5.0;
				TARGETED_DEVICE_FAMILY = 1;
			};
			name = Release;
		};
		1EE3C22626CB8C620081BF49 /* Debug */ = {
			isa = XCBuildConfiguration;
			buildSettings = {
				ALWAYS_EMBED_SWIFT_STANDARD_LIBRARIES = YES;
				BUNDLE_LOADER = "$(TEST_HOST)";
				CODE_SIGN_STYLE = Automatic;
				DEVELOPMENT_TEAM = B9MRWB6593;
				INFOPLIST_FILE = EventsAppTests/Info.plist;
				IPHONEOS_DEPLOYMENT_TARGET = 14.5;
				LD_RUNPATH_SEARCH_PATHS = (
					"$(inherited)",
					"@executable_path/Frameworks",
					"@loader_path/Frameworks",
				);
				PRODUCT_BUNDLE_IDENTIFIER = com.hudaelhady.EventsAppTests;
				PRODUCT_NAME = "$(TARGET_NAME)";
				SWIFT_VERSION = 5.0;
				TARGETED_DEVICE_FAMILY = "1,2";
				TEST_HOST = "$(BUILT_PRODUCTS_DIR)/EventsApp.app/EventsApp";
			};
			name = Debug;
		};
		1EE3C22726CB8C620081BF49 /* Release */ = {
			isa = XCBuildConfiguration;
			buildSettings = {
				ALWAYS_EMBED_SWIFT_STANDARD_LIBRARIES = YES;
				BUNDLE_LOADER = "$(TEST_HOST)";
				CODE_SIGN_STYLE = Automatic;
				DEVELOPMENT_TEAM = B9MRWB6593;
				INFOPLIST_FILE = EventsAppTests/Info.plist;
				IPHONEOS_DEPLOYMENT_TARGET = 14.5;
				LD_RUNPATH_SEARCH_PATHS = (
					"$(inherited)",
					"@executable_path/Frameworks",
					"@loader_path/Frameworks",
				);
				PRODUCT_BUNDLE_IDENTIFIER = com.hudaelhady.EventsAppTests;
				PRODUCT_NAME = "$(TARGET_NAME)";
				SWIFT_VERSION = 5.0;
				TARGETED_DEVICE_FAMILY = "1,2";
				TEST_HOST = "$(BUILT_PRODUCTS_DIR)/EventsApp.app/EventsApp";
			};
			name = Release;
		};
		1EE3C22926CB8C620081BF49 /* Debug */ = {
			isa = XCBuildConfiguration;
			buildSettings = {
				ALWAYS_EMBED_SWIFT_STANDARD_LIBRARIES = YES;
				CODE_SIGN_STYLE = Automatic;
				DEVELOPMENT_TEAM = B9MRWB6593;
				INFOPLIST_FILE = EventsAppUITests/Info.plist;
				LD_RUNPATH_SEARCH_PATHS = (
					"$(inherited)",
					"@executable_path/Frameworks",
					"@loader_path/Frameworks",
				);
				PRODUCT_BUNDLE_IDENTIFIER = com.hudaelhady.EventsAppUITests;
				PRODUCT_NAME = "$(TARGET_NAME)";
				SWIFT_VERSION = 5.0;
				TARGETED_DEVICE_FAMILY = "1,2";
				TEST_TARGET_NAME = EventsApp;
			};
			name = Debug;
		};
		1EE3C22A26CB8C620081BF49 /* Release */ = {
			isa = XCBuildConfiguration;
			buildSettings = {
				ALWAYS_EMBED_SWIFT_STANDARD_LIBRARIES = YES;
				CODE_SIGN_STYLE = Automatic;
				DEVELOPMENT_TEAM = B9MRWB6593;
				INFOPLIST_FILE = EventsAppUITests/Info.plist;
				LD_RUNPATH_SEARCH_PATHS = (
					"$(inherited)",
					"@executable_path/Frameworks",
					"@loader_path/Frameworks",
				);
				PRODUCT_BUNDLE_IDENTIFIER = com.hudaelhady.EventsAppUITests;
				PRODUCT_NAME = "$(TARGET_NAME)";
				SWIFT_VERSION = 5.0;
				TARGETED_DEVICE_FAMILY = "1,2";
				TEST_TARGET_NAME = EventsApp;
			};
			name = Release;
		};
/* End XCBuildConfiguration section */

/* Begin XCConfigurationList section */
		1EE3C1F326CB8C600081BF49 /* Build configuration list for PBXProject "EventsApp" */ = {
			isa = XCConfigurationList;
			buildConfigurations = (
				1EE3C22026CB8C620081BF49 /* Debug */,
				1EE3C22126CB8C620081BF49 /* Release */,
			);
			defaultConfigurationIsVisible = 0;
			defaultConfigurationName = Release;
		};
		1EE3C22226CB8C620081BF49 /* Build configuration list for PBXNativeTarget "EventsApp" */ = {
			isa = XCConfigurationList;
			buildConfigurations = (
				1EE3C22326CB8C620081BF49 /* Debug */,
				1EE3C22426CB8C620081BF49 /* Release */,
			);
			defaultConfigurationIsVisible = 0;
			defaultConfigurationName = Release;
		};
		1EE3C22526CB8C620081BF49 /* Build configuration list for PBXNativeTarget "EventsAppTests" */ = {
			isa = XCConfigurationList;
			buildConfigurations = (
				1EE3C22626CB8C620081BF49 /* Debug */,
				1EE3C22726CB8C620081BF49 /* Release */,
			);
			defaultConfigurationIsVisible = 0;
			defaultConfigurationName = Release;
		};
		1EE3C22826CB8C620081BF49 /* Build configuration list for PBXNativeTarget "EventsAppUITests" */ = {
			isa = XCConfigurationList;
			buildConfigurations = (
				1EE3C22926CB8C620081BF49 /* Debug */,
				1EE3C22A26CB8C620081BF49 /* Release */,
			);
			defaultConfigurationIsVisible = 0;
			defaultConfigurationName = Release;
		};
/* End XCConfigurationList section */
	};
	rootObject = 1EE3C1F026CB8C600081BF49 /* Project object */;
}
